// !$*UTF8*$!
{
	archiveVersion = 1;
	classes = {
	};
	objectVersion = 56;
	objects = {

/* Begin PBXBuildFile section */
		9B3AAB99299A2D4F00A8D7BD /* AppDelegate.swift in Sources */ = {isa = PBXBuildFile; fileRef = 9B3AAB98299A2D4F00A8D7BD /* AppDelegate.swift */; };
		9B3AAB9B299A2D4F00A8D7BD /* SceneDelegate.swift in Sources */ = {isa = PBXBuildFile; fileRef = 9B3AAB9A299A2D4F00A8D7BD /* SceneDelegate.swift */; };
		9B3AABA0299A2D4F00A8D7BD /* Main.storyboard in Resources */ = {isa = PBXBuildFile; fileRef = 9B3AAB9E299A2D4F00A8D7BD /* Main.storyboard */; };
		9B3AABA2299A2D5700A8D7BD /* Assets.xcassets in Resources */ = {isa = PBXBuildFile; fileRef = 9B3AABA1299A2D5700A8D7BD /* Assets.xcassets */; };
		9B3AABA5299A2D5700A8D7BD /* LaunchScreen.storyboard in Resources */ = {isa = PBXBuildFile; fileRef = 9B3AABA3299A2D5700A8D7BD /* LaunchScreen.storyboard */; };
		9B9355E7299FE9CB0013C02D /* CalendarModalViewController.swift in Sources */ = {isa = PBXBuildFile; fileRef = 9B9355E6299FE9CB0013C02D /* CalendarModalViewController.swift */; };
		9B9355E9299FE9DF0013C02D /* CountDownModalViewController.swift in Sources */ = {isa = PBXBuildFile; fileRef = 9B9355E8299FE9DF0013C02D /* CountDownModalViewController.swift */; };
		9B93560C29A098DA0013C02D /* CategoryModalViewController.swift in Sources */ = {isa = PBXBuildFile; fileRef = 9B93560B29A098DA0013C02D /* CategoryModalViewController.swift */; };
		9BA2C667299A3DB500598238 /* TomatoTimerColor.swift in Sources */ = {isa = PBXBuildFile; fileRef = 9BA2C666299A3DB500598238 /* TomatoTimerColor.swift */; };
		9BA2C669299A40AA00598238 /* Extensions.swift in Sources */ = {isa = PBXBuildFile; fileRef = 9BA2C668299A40AA00598238 /* Extensions.swift */; };
		9BA2C66B299A435700598238 /* TTTabBarController.swift in Sources */ = {isa = PBXBuildFile; fileRef = 9BA2C66A299A435700598238 /* TTTabBarController.swift */; };
		9BA2C66D299A80A200598238 /* HomeViewController.swift in Sources */ = {isa = PBXBuildFile; fileRef = 9BA2C66C299A80A200598238 /* HomeViewController.swift */; };
		9BA2C66F299A80EF00598238 /* TimerViewController.swift in Sources */ = {isa = PBXBuildFile; fileRef = 9BA2C66E299A80EF00598238 /* TimerViewController.swift */; };
		9BA2C671299A80FB00598238 /* ReportViewController.swift in Sources */ = {isa = PBXBuildFile; fileRef = 9BA2C670299A80FB00598238 /* ReportViewController.swift */; };
		9BA2C673299A811100598238 /* CategoriesTableViewController.swift in Sources */ = {isa = PBXBuildFile; fileRef = 9BA2C672299A811100598238 /* CategoriesTableViewController.swift */; };
		9BAE1FCA299BE95F00A0FBB6 /* CalendarViewController.swift in Sources */ = {isa = PBXBuildFile; fileRef = 9BAE1FC9299BE95F00A0FBB6 /* CalendarViewController.swift */; };
		9BAE1FCC299BEA3A00A0FBB6 /* CountDownViewController.swift in Sources */ = {isa = PBXBuildFile; fileRef = 9BAE1FCB299BEA3A00A0FBB6 /* CountDownViewController.swift */; };
		C8ADB3CD09E93D1366CE2311 /* Pods_TomatoTimer.framework in Frameworks */ = {isa = PBXBuildFile; fileRef = FA2D6BB1AE1BF929849C9BDD /* Pods_TomatoTimer.framework */; };
/* End PBXBuildFile section */

/* Begin PBXFileReference section */
		3335900768AB0019A2101DE7 /* Pods-TomatoTimer.debug.xcconfig */ = {isa = PBXFileReference; includeInIndex = 1; lastKnownFileType = text.xcconfig; name = "Pods-TomatoTimer.debug.xcconfig"; path = "Target Support Files/Pods-TomatoTimer/Pods-TomatoTimer.debug.xcconfig"; sourceTree = "<group>"; };
		7004DC9367F47FFDF1F74D4F /* Pods-TomatoTimer.release.xcconfig */ = {isa = PBXFileReference; includeInIndex = 1; lastKnownFileType = text.xcconfig; name = "Pods-TomatoTimer.release.xcconfig"; path = "Target Support Files/Pods-TomatoTimer/Pods-TomatoTimer.release.xcconfig"; sourceTree = "<group>"; };
		9B3AAB95299A2D4F00A8D7BD /* TomatoTimer.app */ = {isa = PBXFileReference; explicitFileType = wrapper.application; includeInIndex = 0; path = TomatoTimer.app; sourceTree = BUILT_PRODUCTS_DIR; };
		9B3AAB98299A2D4F00A8D7BD /* AppDelegate.swift */ = {isa = PBXFileReference; lastKnownFileType = sourcecode.swift; path = AppDelegate.swift; sourceTree = "<group>"; };
		9B3AAB9A299A2D4F00A8D7BD /* SceneDelegate.swift */ = {isa = PBXFileReference; lastKnownFileType = sourcecode.swift; path = SceneDelegate.swift; sourceTree = "<group>"; };
		9B3AAB9F299A2D4F00A8D7BD /* Base */ = {isa = PBXFileReference; lastKnownFileType = file.storyboard; name = Base; path = Base.lproj/Main.storyboard; sourceTree = "<group>"; };
		9B3AABA1299A2D5700A8D7BD /* Assets.xcassets */ = {isa = PBXFileReference; lastKnownFileType = folder.assetcatalog; path = Assets.xcassets; sourceTree = "<group>"; };
		9B3AABA4299A2D5700A8D7BD /* Base */ = {isa = PBXFileReference; lastKnownFileType = file.storyboard; name = Base; path = Base.lproj/LaunchScreen.storyboard; sourceTree = "<group>"; };
		9B3AABA6299A2D5700A8D7BD /* Info.plist */ = {isa = PBXFileReference; lastKnownFileType = text.plist.xml; path = Info.plist; sourceTree = "<group>"; };
		9B9355E6299FE9CB0013C02D /* CalendarModalViewController.swift */ = {isa = PBXFileReference; lastKnownFileType = sourcecode.swift; path = CalendarModalViewController.swift; sourceTree = "<group>"; };
		9B9355E8299FE9DF0013C02D /* CountDownModalViewController.swift */ = {isa = PBXFileReference; lastKnownFileType = sourcecode.swift; path = CountDownModalViewController.swift; sourceTree = "<group>"; };
		9B93560B29A098DA0013C02D /* CategoryModalViewController.swift */ = {isa = PBXFileReference; lastKnownFileType = sourcecode.swift; path = CategoryModalViewController.swift; sourceTree = "<group>"; };
		9BA2C666299A3DB500598238 /* TomatoTimerColor.swift */ = {isa = PBXFileReference; lastKnownFileType = sourcecode.swift; path = TomatoTimerColor.swift; sourceTree = "<group>"; };
		9BA2C668299A40AA00598238 /* Extensions.swift */ = {isa = PBXFileReference; lastKnownFileType = sourcecode.swift; path = Extensions.swift; sourceTree = "<group>"; };
		9BA2C66A299A435700598238 /* TTTabBarController.swift */ = {isa = PBXFileReference; lastKnownFileType = sourcecode.swift; path = TTTabBarController.swift; sourceTree = "<group>"; };
		9BA2C66C299A80A200598238 /* HomeViewController.swift */ = {isa = PBXFileReference; lastKnownFileType = sourcecode.swift; path = HomeViewController.swift; sourceTree = "<group>"; };
		9BA2C66E299A80EF00598238 /* TimerViewController.swift */ = {isa = PBXFileReference; lastKnownFileType = sourcecode.swift; path = TimerViewController.swift; sourceTree = "<group>"; };
		9BA2C670299A80FB00598238 /* ReportViewController.swift */ = {isa = PBXFileReference; lastKnownFileType = sourcecode.swift; path = ReportViewController.swift; sourceTree = "<group>"; };
		9BA2C672299A811100598238 /* CategoriesTableViewController.swift */ = {isa = PBXFileReference; lastKnownFileType = sourcecode.swift; path = CategoriesTableViewController.swift; sourceTree = "<group>"; };
		9BAE1FC9299BE95F00A0FBB6 /* CalendarViewController.swift */ = {isa = PBXFileReference; lastKnownFileType = sourcecode.swift; path = CalendarViewController.swift; sourceTree = "<group>"; };
		9BAE1FCB299BEA3A00A0FBB6 /* CountDownViewController.swift */ = {isa = PBXFileReference; lastKnownFileType = sourcecode.swift; path = CountDownViewController.swift; sourceTree = "<group>"; };
		FA2D6BB1AE1BF929849C9BDD /* Pods_TomatoTimer.framework */ = {isa = PBXFileReference; explicitFileType = wrapper.framework; includeInIndex = 0; path = Pods_TomatoTimer.framework; sourceTree = BUILT_PRODUCTS_DIR; };
/* End PBXFileReference section */

/* Begin PBXFrameworksBuildPhase section */
		9B3AAB92299A2D4F00A8D7BD /* Frameworks */ = {
			isa = PBXFrameworksBuildPhase;
			buildActionMask = 2147483647;
			files = (
				C8ADB3CD09E93D1366CE2311 /* Pods_TomatoTimer.framework in Frameworks */,
			);
			runOnlyForDeploymentPostprocessing = 0;
		};
/* End PBXFrameworksBuildPhase section */

/* Begin PBXGroup section */
		64B2BDAB66A8182D167B4E30 /* Frameworks */ = {
			isa = PBXGroup;
			children = (
				FA2D6BB1AE1BF929849C9BDD /* Pods_TomatoTimer.framework */,
			);
			name = Frameworks;
			sourceTree = "<group>";
		};
		9B3AAB8C299A2D4F00A8D7BD = {
			isa = PBXGroup;
			children = (
				9B3AAB97299A2D4F00A8D7BD /* TomatoTimer */,
				9B3AAB96299A2D4F00A8D7BD /* Products */,
				D8DACD1ADADC6D788A60930B /* Pods */,
				64B2BDAB66A8182D167B4E30 /* Frameworks */,
			);
			sourceTree = "<group>";
		};
		9B3AAB96299A2D4F00A8D7BD /* Products */ = {
			isa = PBXGroup;
			children = (
				9B3AAB95299A2D4F00A8D7BD /* TomatoTimer.app */,
			);
			name = Products;
			sourceTree = "<group>";
		};
		9B3AAB97299A2D4F00A8D7BD /* TomatoTimer */ = {
			isa = PBXGroup;
			children = (
				9B9355E0299F54E30013C02D /* Application */,
				9B9355E1299F54F30013C02D /* Main */,
				9B7A8DDD299B8B83004C165C /* Setting */,
				9B7A8DDC299B8B62004C165C /* ViewControllers */,
				9B3AABA1299A2D5700A8D7BD /* Assets.xcassets */,
				9B3AABA3299A2D5700A8D7BD /* LaunchScreen.storyboard */,
				9B3AABA6299A2D5700A8D7BD /* Info.plist */,
			);
			path = TomatoTimer;
			sourceTree = "<group>";
		};
		9B7A8DDC299B8B62004C165C /* ViewControllers */ = {
			isa = PBXGroup;
			children = (
				9BA2C66E299A80EF00598238 /* TimerViewController.swift */,
				9BA2C670299A80FB00598238 /* ReportViewController.swift */,
				9BA2C672299A811100598238 /* CategoriesTableViewController.swift */,
				9BA2C66C299A80A200598238 /* HomeViewController.swift */,
				9B93560A29A098980013C02D /* HalfModal */,
				9BAE1FC8299BE91900A0FBB6 /* ReportVC_ChildVCs */,
			);
			path = ViewControllers;
			sourceTree = "<group>";
		};
		9B7A8DDD299B8B83004C165C /* Setting */ = {
			isa = PBXGroup;
			children = (
				9BA2C666299A3DB500598238 /* TomatoTimerColor.swift */,
				9BA2C66A299A435700598238 /* TTTabBarController.swift */,
				9BA2C668299A40AA00598238 /* Extensions.swift */,
			);
			path = Setting;
			sourceTree = "<group>";
		};
		9B9355E0299F54E30013C02D /* Application */ = {
			isa = PBXGroup;
			children = (
				9B3AAB98299A2D4F00A8D7BD /* AppDelegate.swift */,
				9B3AAB9A299A2D4F00A8D7BD /* SceneDelegate.swift */,
			);
			path = Application;
			sourceTree = "<group>";
		};
		9B9355E1299F54F30013C02D /* Main */ = {
			isa = PBXGroup;
			children = (
				9B3AAB9E299A2D4F00A8D7BD /* Main.storyboard */,
			);
			path = Main;
			sourceTree = "<group>";
		};
		9B93560A29A098980013C02D /* HalfModal */ = {
			isa = PBXGroup;
			children = (
				9B9355E6299FE9CB0013C02D /* CalendarModalViewController.swift */,
				9B9355E8299FE9DF0013C02D /* CountDownModalViewController.swift */,
				9B93560B29A098DA0013C02D /* CategoryModalViewController.swift */,
			);
			path = HalfModal;
			sourceTree = "<group>";
		};
		9BAE1FC8299BE91900A0FBB6 /* ReportVC_ChildVCs */ = {
			isa = PBXGroup;
			children = (
				9BAE1FC9299BE95F00A0FBB6 /* CalendarViewController.swift */,
				9BAE1FCB299BEA3A00A0FBB6 /* CountDownViewController.swift */,
			);
			name = ReportVC_ChildVCs;
			path = ../..;
			sourceTree = "<group>";
		};
		D8DACD1ADADC6D788A60930B /* Pods */ = {
			isa = PBXGroup;
			children = (
				3335900768AB0019A2101DE7 /* Pods-TomatoTimer.debug.xcconfig */,
				7004DC9367F47FFDF1F74D4F /* Pods-TomatoTimer.release.xcconfig */,
			);
			path = Pods;
			sourceTree = "<group>";
		};
/* End PBXGroup section */

/* Begin PBXNativeTarget section */
		9B3AAB94299A2D4F00A8D7BD /* TomatoTimer */ = {
			isa = PBXNativeTarget;
			buildConfigurationList = 9B3AABA9299A2D5700A8D7BD /* Build configuration list for PBXNativeTarget "TomatoTimer" */;
			buildPhases = (
				AE448DC2D4D1DAA71FA17911 /* [CP] Check Pods Manifest.lock */,
				9B3AAB91299A2D4F00A8D7BD /* Sources */,
				9B3AAB92299A2D4F00A8D7BD /* Frameworks */,
				9B3AAB93299A2D4F00A8D7BD /* Resources */,
				8D0AA4438789AC38D2AC86E3 /* [CP] Embed Pods Frameworks */,
			);
			buildRules = (
			);
			dependencies = (
			);
			name = TomatoTimer;
			productName = TomatoTimer;
			productReference = 9B3AAB95299A2D4F00A8D7BD /* TomatoTimer.app */;
			productType = "com.apple.product-type.application";
		};
/* End PBXNativeTarget section */

/* Begin PBXProject section */
		9B3AAB8D299A2D4F00A8D7BD /* Project object */ = {
			isa = PBXProject;
			attributes = {
				BuildIndependentTargetsInParallel = 1;
				LastSwiftUpdateCheck = 1420;
				LastUpgradeCheck = 1420;
				TargetAttributes = {
					9B3AAB94299A2D4F00A8D7BD = {
						CreatedOnToolsVersion = 14.2;
					};
				};
			};
			buildConfigurationList = 9B3AAB90299A2D4F00A8D7BD /* Build configuration list for PBXProject "TomatoTimer" */;
			compatibilityVersion = "Xcode 14.0";
			developmentRegion = en;
			hasScannedForEncodings = 0;
			knownRegions = (
				en,
				Base,
			);
			mainGroup = 9B3AAB8C299A2D4F00A8D7BD;
			productRefGroup = 9B3AAB96299A2D4F00A8D7BD /* Products */;
			projectDirPath = "";
			projectRoot = "";
			targets = (
				9B3AAB94299A2D4F00A8D7BD /* TomatoTimer */,
			);
		};
/* End PBXProject section */

/* Begin PBXResourcesBuildPhase section */
		9B3AAB93299A2D4F00A8D7BD /* Resources */ = {
			isa = PBXResourcesBuildPhase;
			buildActionMask = 2147483647;
			files = (
				9B3AABA5299A2D5700A8D7BD /* LaunchScreen.storyboard in Resources */,
				9B3AABA2299A2D5700A8D7BD /* Assets.xcassets in Resources */,
				9B3AABA0299A2D4F00A8D7BD /* Main.storyboard in Resources */,
			);
			runOnlyForDeploymentPostprocessing = 0;
		};
/* End PBXResourcesBuildPhase section */

/* Begin PBXShellScriptBuildPhase section */
		8D0AA4438789AC38D2AC86E3 /* [CP] Embed Pods Frameworks */ = {
			isa = PBXShellScriptBuildPhase;
			buildActionMask = 2147483647;
			files = (
			);
			inputFileListPaths = (
				"${PODS_ROOT}/Target Support Files/Pods-TomatoTimer/Pods-TomatoTimer-frameworks-${CONFIGURATION}-input-files.xcfilelist",
			);
			name = "[CP] Embed Pods Frameworks";
			outputFileListPaths = (
				"${PODS_ROOT}/Target Support Files/Pods-TomatoTimer/Pods-TomatoTimer-frameworks-${CONFIGURATION}-output-files.xcfilelist",
			);
			runOnlyForDeploymentPostprocessing = 0;
			shellPath = /bin/sh;
			shellScript = "\"${PODS_ROOT}/Target Support Files/Pods-TomatoTimer/Pods-TomatoTimer-frameworks.sh\"\n";
			showEnvVarsInLog = 0;
		};
		AE448DC2D4D1DAA71FA17911 /* [CP] Check Pods Manifest.lock */ = {
			isa = PBXShellScriptBuildPhase;
			buildActionMask = 2147483647;
			files = (
			);
			inputFileListPaths = (
			);
			inputPaths = (
				"${PODS_PODFILE_DIR_PATH}/Podfile.lock",
				"${PODS_ROOT}/Manifest.lock",
			);
			name = "[CP] Check Pods Manifest.lock";
			outputFileListPaths = (
			);
			outputPaths = (
				"$(DERIVED_FILE_DIR)/Pods-TomatoTimer-checkManifestLockResult.txt",
			);
			runOnlyForDeploymentPostprocessing = 0;
			shellPath = /bin/sh;
			shellScript = "diff \"${PODS_PODFILE_DIR_PATH}/Podfile.lock\" \"${PODS_ROOT}/Manifest.lock\" > /dev/null\nif [ $? != 0 ] ; then\n    # print error to STDERR\n    echo \"error: The sandbox is not in sync with the Podfile.lock. Run 'pod install' or update your CocoaPods installation.\" >&2\n    exit 1\nfi\n# This output is used by Xcode 'outputs' to avoid re-running this script phase.\necho \"SUCCESS\" > \"${SCRIPT_OUTPUT_FILE_0}\"\n";
			showEnvVarsInLog = 0;
		};
/* End PBXShellScriptBuildPhase section */

/* Begin PBXSourcesBuildPhase section */
		9B3AAB91299A2D4F00A8D7BD /* Sources */ = {
			isa = PBXSourcesBuildPhase;
			buildActionMask = 2147483647;
			files = (
				9BAE1FCA299BE95F00A0FBB6 /* CalendarViewController.swift in Sources */,
				9BA2C669299A40AA00598238 /* Extensions.swift in Sources */,
				9B93560C29A098DA0013C02D /* CategoryModalViewController.swift in Sources */,
				9BA2C667299A3DB500598238 /* TomatoTimerColor.swift in Sources */,
				9B3AAB99299A2D4F00A8D7BD /* AppDelegate.swift in Sources */,
				9BA2C66F299A80EF00598238 /* TimerViewController.swift in Sources */,
				9BA2C671299A80FB00598238 /* ReportViewController.swift in Sources */,
				9BAE1FCC299BEA3A00A0FBB6 /* CountDownViewController.swift in Sources */,
				9B3AAB9B299A2D4F00A8D7BD /* SceneDelegate.swift in Sources */,
				9BA2C66D299A80A200598238 /* HomeViewController.swift in Sources */,
				9B9355E9299FE9DF0013C02D /* CountDownModalViewController.swift in Sources */,
				9BA2C66B299A435700598238 /* TTTabBarController.swift in Sources */,
				9B9355E7299FE9CB0013C02D /* CalendarModalViewController.swift in Sources */,
				9BA2C673299A811100598238 /* CategoriesTableViewController.swift in Sources */,
			);
			runOnlyForDeploymentPostprocessing = 0;
		};
/* End PBXSourcesBuildPhase section */

/* Begin PBXVariantGroup section */
		9B3AAB9E299A2D4F00A8D7BD /* Main.storyboard */ = {
			isa = PBXVariantGroup;
			children = (
				9B3AAB9F299A2D4F00A8D7BD /* Base */,
			);
			name = Main.storyboard;
			sourceTree = "<group>";
		};
		9B3AABA3299A2D5700A8D7BD /* LaunchScreen.storyboard */ = {
			isa = PBXVariantGroup;
			children = (
				9B3AABA4299A2D5700A8D7BD /* Base */,
			);
			name = LaunchScreen.storyboard;
			sourceTree = "<group>";
		};
/* End PBXVariantGroup section */

/* Begin XCBuildConfiguration section */
		9B3AABA7299A2D5700A8D7BD /* Debug */ = {
			isa = XCBuildConfiguration;
			buildSettings = {
				ALWAYS_SEARCH_USER_PATHS = NO;
				CLANG_ANALYZER_NONNULL = YES;
				CLANG_ANALYZER_NUMBER_OBJECT_CONVERSION = YES_AGGRESSIVE;
				CLANG_CXX_LANGUAGE_STANDARD = "gnu++20";
				CLANG_ENABLE_MODULES = YES;
				CLANG_ENABLE_OBJC_ARC = YES;
				CLANG_ENABLE_OBJC_WEAK = YES;
				CLANG_WARN_BLOCK_CAPTURE_AUTORELEASING = YES;
				CLANG_WARN_BOOL_CONVERSION = YES;
				CLANG_WARN_COMMA = YES;
				CLANG_WARN_CONSTANT_CONVERSION = YES;
				CLANG_WARN_DEPRECATED_OBJC_IMPLEMENTATIONS = YES;
				CLANG_WARN_DIRECT_OBJC_ISA_USAGE = YES_ERROR;
				CLANG_WARN_DOCUMENTATION_COMMENTS = YES;
				CLANG_WARN_EMPTY_BODY = YES;
				CLANG_WARN_ENUM_CONVERSION = YES;
				CLANG_WARN_INFINITE_RECURSION = YES;
				CLANG_WARN_INT_CONVERSION = YES;
				CLANG_WARN_NON_LITERAL_NULL_CONVERSION = YES;
				CLANG_WARN_OBJC_IMPLICIT_RETAIN_SELF = YES;
				CLANG_WARN_OBJC_LITERAL_CONVERSION = YES;
				CLANG_WARN_OBJC_ROOT_CLASS = YES_ERROR;
				CLANG_WARN_QUOTED_INCLUDE_IN_FRAMEWORK_HEADER = YES;
				CLANG_WARN_RANGE_LOOP_ANALYSIS = YES;
				CLANG_WARN_STRICT_PROTOTYPES = YES;
				CLANG_WARN_SUSPICIOUS_MOVE = YES;
				CLANG_WARN_UNGUARDED_AVAILABILITY = YES_AGGRESSIVE;
				CLANG_WARN_UNREACHABLE_CODE = YES;
				CLANG_WARN__DUPLICATE_METHOD_MATCH = YES;
				COPY_PHASE_STRIP = NO;
				DEBUG_INFORMATION_FORMAT = dwarf;
				ENABLE_STRICT_OBJC_MSGSEND = YES;
				ENABLE_TESTABILITY = YES;
				GCC_C_LANGUAGE_STANDARD = gnu11;
				GCC_DYNAMIC_NO_PIC = NO;
				GCC_NO_COMMON_BLOCKS = YES;
				GCC_OPTIMIZATION_LEVEL = 0;
				GCC_PREPROCESSOR_DEFINITIONS = (
					"DEBUG=1",
					"$(inherited)",
				);
				GCC_WARN_64_TO_32_BIT_CONVERSION = YES;
				GCC_WARN_ABOUT_RETURN_TYPE = YES_ERROR;
				GCC_WARN_UNDECLARED_SELECTOR = YES;
				GCC_WARN_UNINITIALIZED_AUTOS = YES_AGGRESSIVE;
				GCC_WARN_UNUSED_FUNCTION = YES;
				GCC_WARN_UNUSED_VARIABLE = YES;
				IPHONEOS_DEPLOYMENT_TARGET = 16.2;
				MTL_ENABLE_DEBUG_INFO = INCLUDE_SOURCE;
				MTL_FAST_MATH = YES;
				ONLY_ACTIVE_ARCH = YES;
				SDKROOT = iphoneos;
				SWIFT_ACTIVE_COMPILATION_CONDITIONS = DEBUG;
				SWIFT_OPTIMIZATION_LEVEL = "-Onone";
			};
			name = Debug;
		};
		9B3AABA8299A2D5700A8D7BD /* Release */ = {
			isa = XCBuildConfiguration;
			buildSettings = {
				ALWAYS_SEARCH_USER_PATHS = NO;
				CLANG_ANALYZER_NONNULL = YES;
				CLANG_ANALYZER_NUMBER_OBJECT_CONVERSION = YES_AGGRESSIVE;
				CLANG_CXX_LANGUAGE_STANDARD = "gnu++20";
				CLANG_ENABLE_MODULES = YES;
				CLANG_ENABLE_OBJC_ARC = YES;
				CLANG_ENABLE_OBJC_WEAK = YES;
				CLANG_WARN_BLOCK_CAPTURE_AUTORELEASING = YES;
				CLANG_WARN_BOOL_CONVERSION = YES;
				CLANG_WARN_COMMA = YES;
				CLANG_WARN_CONSTANT_CONVERSION = YES;
				CLANG_WARN_DEPRECATED_OBJC_IMPLEMENTATIONS = YES;
				CLANG_WARN_DIRECT_OBJC_ISA_USAGE = YES_ERROR;
				CLANG_WARN_DOCUMENTATION_COMMENTS = YES;
				CLANG_WARN_EMPTY_BODY = YES;
				CLANG_WARN_ENUM_CONVERSION = YES;
				CLANG_WARN_INFINITE_RECURSION = YES;
				CLANG_WARN_INT_CONVERSION = YES;
				CLANG_WARN_NON_LITERAL_NULL_CONVERSION = YES;
				CLANG_WARN_OBJC_IMPLICIT_RETAIN_SELF = YES;
				CLANG_WARN_OBJC_LITERAL_CONVERSION = YES;
				CLANG_WARN_OBJC_ROOT_CLASS = YES_ERROR;
				CLANG_WARN_QUOTED_INCLUDE_IN_FRAMEWORK_HEADER = YES;
				CLANG_WARN_RANGE_LOOP_ANALYSIS = YES;
				CLANG_WARN_STRICT_PROTOTYPES = YES;
				CLANG_WARN_SUSPICIOUS_MOVE = YES;
				CLANG_WARN_UNGUARDED_AVAILABILITY = YES_AGGRESSIVE;
				CLANG_WARN_UNREACHABLE_CODE = YES;
				CLANG_WARN__DUPLICATE_METHOD_MATCH = YES;
				COPY_PHASE_STRIP = NO;
				DEBUG_INFORMATION_FORMAT = "dwarf-with-dsym";
				ENABLE_NS_ASSERTIONS = NO;
				ENABLE_STRICT_OBJC_MSGSEND = YES;
				GCC_C_LANGUAGE_STANDARD = gnu11;
				GCC_NO_COMMON_BLOCKS = YES;
				GCC_WARN_64_TO_32_BIT_CONVERSION = YES;
				GCC_WARN_ABOUT_RETURN_TYPE = YES_ERROR;
				GCC_WARN_UNDECLARED_SELECTOR = YES;
				GCC_WARN_UNINITIALIZED_AUTOS = YES_AGGRESSIVE;
				GCC_WARN_UNUSED_FUNCTION = YES;
				GCC_WARN_UNUSED_VARIABLE = YES;
				IPHONEOS_DEPLOYMENT_TARGET = 16.2;
				MTL_ENABLE_DEBUG_INFO = NO;
				MTL_FAST_MATH = YES;
				SDKROOT = iphoneos;
				SWIFT_COMPILATION_MODE = wholemodule;
				SWIFT_OPTIMIZATION_LEVEL = "-O";
				VALIDATE_PRODUCT = YES;
			};
			name = Release;
		};
		9B3AABAA299A2D5700A8D7BD /* Debug */ = {
			isa = XCBuildConfiguration;
			baseConfigurationReference = 3335900768AB0019A2101DE7 /* Pods-TomatoTimer.debug.xcconfig */;
			buildSettings = {
				ASSETCATALOG_COMPILER_APPICON_NAME = AppIcon;
				ASSETCATALOG_COMPILER_GLOBAL_ACCENT_COLOR_NAME = AccentColor;
				CODE_SIGN_STYLE = Automatic;
				CURRENT_PROJECT_VERSION = 1;
				DEVELOPMENT_TEAM = YJ347PT8FZ;
				GENERATE_INFOPLIST_FILE = YES;
				INFOPLIST_FILE = TomatoTimer/Info.plist;
				INFOPLIST_KEY_UIApplicationSupportsIndirectInputEvents = YES;
				INFOPLIST_KEY_UILaunchStoryboardName = LaunchScreen;
				INFOPLIST_KEY_UIMainStoryboardFile = Main;
				INFOPLIST_KEY_UISupportedInterfaceOrientations_iPad = "UIInterfaceOrientationPortrait UIInterfaceOrientationPortraitUpsideDown UIInterfaceOrientationLandscapeLeft UIInterfaceOrientationLandscapeRight";
				INFOPLIST_KEY_UISupportedInterfaceOrientations_iPhone = "UIInterfaceOrientationPortrait UIInterfaceOrientationLandscapeLeft UIInterfaceOrientationLandscapeRight";
				IPHONEOS_DEPLOYMENT_TARGET = 15.0;
				LD_RUNPATH_SEARCH_PATHS = (
					"$(inherited)",
					"@executable_path/Frameworks",
				);
				MARKETING_VERSION = 1.0;
				PRODUCT_BUNDLE_IDENTIFIER = com.adam.TomatoTimer;
				PRODUCT_NAME = "$(TARGET_NAME)";
				SWIFT_EMIT_LOC_STRINGS = YES;
				SWIFT_VERSION = 5.0;
				TARGETED_DEVICE_FAMILY = "1,2";
			};
			name = Debug;
		};
		9B3AABAB299A2D5700A8D7BD /* Release */ = {
			isa = XCBuildConfiguration;
			baseConfigurationReference = 7004DC9367F47FFDF1F74D4F /* Pods-TomatoTimer.release.xcconfig */;
			buildSettings = {
				ASSETCATALOG_COMPILER_APPICON_NAME = AppIcon;
				ASSETCATALOG_COMPILER_GLOBAL_ACCENT_COLOR_NAME = AccentColor;
				CODE_SIGN_STYLE = Automatic;
				CURRENT_PROJECT_VERSION = 1;
				DEVELOPMENT_TEAM = YJ347PT8FZ;
				GENERATE_INFOPLIST_FILE = YES;
				INFOPLIST_FILE = TomatoTimer/Info.plist;
				INFOPLIST_KEY_UIApplicationSupportsIndirectInputEvents = YES;
				INFOPLIST_KEY_UILaunchStoryboardName = LaunchScreen;
				INFOPLIST_KEY_UIMainStoryboardFile = Main;
				INFOPLIST_KEY_UISupportedInterfaceOrientations_iPad = "UIInterfaceOrientationPortrait UIInterfaceOrientationPortraitUpsideDown UIInterfaceOrientationLandscapeLeft UIInterfaceOrientationLandscapeRight";
				INFOPLIST_KEY_UISupportedInterfaceOrientations_iPhone = "UIInterfaceOrientationPortrait UIInterfaceOrientationLandscapeLeft UIInterfaceOrientationLandscapeRight";
				IPHONEOS_DEPLOYMENT_TARGET = 15.0;
				LD_RUNPATH_SEARCH_PATHS = (
					"$(inherited)",
					"@executable_path/Frameworks",
				);
				MARKETING_VERSION = 1.0;
				PRODUCT_BUNDLE_IDENTIFIER = com.adam.TomatoTimer;
				PRODUCT_NAME = "$(TARGET_NAME)";
				SWIFT_EMIT_LOC_STRINGS = YES;
				SWIFT_VERSION = 5.0;
				TARGETED_DEVICE_FAMILY = "1,2";
			};
			name = Release;
		};
/* End XCBuildConfiguration section */

/* Begin XCConfigurationList section */
		9B3AAB90299A2D4F00A8D7BD /* Build configuration list for PBXProject "TomatoTimer" */ = {
			isa = XCConfigurationList;
			buildConfigurations = (
				9B3AABA7299A2D5700A8D7BD /* Debug */,
				9B3AABA8299A2D5700A8D7BD /* Release */,
			);
			defaultConfigurationIsVisible = 0;
			defaultConfigurationName = Release;
		};
		9B3AABA9299A2D5700A8D7BD /* Build configuration list for PBXNativeTarget "TomatoTimer" */ = {
			isa = XCConfigurationList;
			buildConfigurations = (
				9B3AABAA299A2D5700A8D7BD /* Debug */,
				9B3AABAB299A2D5700A8D7BD /* Release */,
			);
			defaultConfigurationIsVisible = 0;
			defaultConfigurationName = Release;
		};
/* End XCConfigurationList section */
	};
	rootObject = 9B3AAB8D299A2D4F00A8D7BD /* Project object */;
}
